
Microsoft Visual Studio Solution File, Format Version 12.00
# Visual Studio Version 16
VisualStudioVersion = 16.0.31515.178
MinimumVisualStudioVersion = 10.0.40219.1
Project("{FAE04EC0-301F-11D3-BF4B-00C04F79EFBC}") = "C Sharp Decorator Pattern Exercise-Design Pattern", "C Sharp Decorator Pattern Exercise-Design Pattern\C Sharp Decorator Pattern Exercise-Design Pattern.csproj", "{442C239B-0F32-4D99-A1AF-BD33B4FC4683}"
EndProject
Project("{FAE04EC0-301F-11D3-BF4B-00C04F79EFBC}") = "Non Design Pattern", "Non Design Pattern\Non Design Pattern.csproj", "{24374CD7-911A-4296-968B-E29A505FCE68}"
EndProject
Global
	GlobalSection(SolutionConfigurationPlatforms) = preSolution
		Debug|Any CPU = Debug|Any CPU
		Release|Any CPU = Release|Any CPU
	EndGlobalSection
	GlobalSection(ProjectConfigurationPlatforms) = postSolution
		{442C239B-0F32-4D99-A1AF-BD33B4FC4683}.Debug|Any CPU.ActiveCfg = Debug|Any CPU
		{442C239B-0F32-4D99-A1AF-BD33B4FC4683}.Debug|Any CPU.Build.0 = Debug|Any CPU
		{442C239B-0F32-4D99-A1AF-BD33B4FC4683}.Release|Any CPU.ActiveCfg = Release|Any CPU
		{442C239B-0F32-4D99-A1AF-BD33B4FC4683}.Release|Any CPU.Build.0 = Release|Any CPU
		{24374CD7-911A-4296-968B-E29A505FCE68}.Debug|Any CPU.ActiveCfg = Debug|Any CPU
		{24374CD7-911A-4296-968B-E29A505FCE68}.Debug|Any CPU.Build.0 = Debug|Any CPU
		{24374CD7-911A-4296-968B-E29A505FCE68}.Release|Any CPU.ActiveCfg = Release|Any CPU
		{24374CD7-911A-4296-968B-E29A505FCE68}.Release|Any CPU.Build.0 = Release|Any CPU
	EndGlobalSection
	GlobalSection(SolutionProperties) = preSolution
		HideSolutionNode = FALSE
	EndGlobalSection
	GlobalSection(ExtensibilityGlobals) = postSolution
		SolutionGuid = {7A294FAB-FF7D-42FC-A062-AE4899CDA877}
	EndGlobalSection
EndGlobal
